
Microsoft Visual Studio Solution File, Format Version 12.00
# Visual Studio Version 17
VisualStudioVersion = 17.14.36221.1
MinimumVisualStudioVersion = 10.0.40219.1
Project("{FAE04EC0-301F-11D3-BF4B-00C04F79EFBC}") = "Jezda.Common.Abstractions", "Jezda.Common.Abstractions\Jezda.Common.Abstractions.csproj", "{1A5401FD-C920-4FED-BFBC-39C9CCDDDF56}"
EndProject
Project("{FAE04EC0-301F-11D3-BF4B-00C04F79EFBC}") = "Jezda.Common.Data", "Jezda.Common.Data\Jezda.Common.Data.csproj", "{053FE92B-AC2D-4780-93AD-85B21757E0D2}"
EndProject
Project("{FAE04EC0-301F-11D3-BF4B-00C04F79EFBC}") = "Jezda.Common.Extensions", "Jezda.Common.Extensions\Jezda.Common.Extensions.csproj", "{3951015F-8721-4179-8BEC-9854C286BDE1}"
EndProject
Project("{FAE04EC0-301F-11D3-BF4B-00C04F79EFBC}") = "Jezda.Common.Helpers", "Jezda.Common.Helpers\Jezda.Common.Helpers.csproj", "{730798F8-638D-4CD3-9547-49BC75AA9F35}"
EndProject
Project("{2150E333-8FDC-42A3-9474-1A3956D46DE8}") = "src", "src", "{02EA681E-C7D8-13C7-8484-4AC65E1B71E8}"
EndProject
Project("{2150E333-8FDC-42A3-9474-1A3956D46DE8}") = "tests", "tests", "{FB0C71DA-703F-446B-8541-3D015B725F60}"
EndProject
Project("{FAE04EC0-301F-11D3-BF4B-00C04F79EFBC}") = "Jezda.Common.Domain", "Jezda.Common.Domain\Jezda.Common.Domain.csproj", "{553FCFB4-D8D5-4390-96B7-F2AAA5BA3729}"
EndProject
Global
	GlobalSection(SolutionConfigurationPlatforms) = preSolution
		Debug|Any CPU = Debug|Any CPU
		Release|Any CPU = Release|Any CPU
	EndGlobalSection
	GlobalSection(ProjectConfigurationPlatforms) = postSolution
		{1A5401FD-C920-4FED-BFBC-39C9CCDDDF56}.Debug|Any CPU.ActiveCfg = Debug|Any CPU
		{1A5401FD-C920-4FED-BFBC-39C9CCDDDF56}.Debug|Any CPU.Build.0 = Debug|Any CPU
		{1A5401FD-C920-4FED-BFBC-39C9CCDDDF56}.Release|Any CPU.ActiveCfg = Release|Any CPU
		{1A5401FD-C920-4FED-BFBC-39C9CCDDDF56}.Release|Any CPU.Build.0 = Release|Any CPU
		{053FE92B-AC2D-4780-93AD-85B21757E0D2}.Debug|Any CPU.ActiveCfg = Debug|Any CPU
		{053FE92B-AC2D-4780-93AD-85B21757E0D2}.Debug|Any CPU.Build.0 = Debug|Any CPU
		{053FE92B-AC2D-4780-93AD-85B21757E0D2}.Release|Any CPU.ActiveCfg = Release|Any CPU
		{053FE92B-AC2D-4780-93AD-85B21757E0D2}.Release|Any CPU.Build.0 = Release|Any CPU
		{3951015F-8721-4179-8BEC-9854C286BDE1}.Debug|Any CPU.ActiveCfg = Debug|Any CPU
		{3951015F-8721-4179-8BEC-9854C286BDE1}.Debug|Any CPU.Build.0 = Debug|Any CPU
		{3951015F-8721-4179-8BEC-9854C286BDE1}.Release|Any CPU.ActiveCfg = Release|Any CPU
		{3951015F-8721-4179-8BEC-9854C286BDE1}.Release|Any CPU.Build.0 = Release|Any CPU
		{730798F8-638D-4CD3-9547-49BC75AA9F35}.Debug|Any CPU.ActiveCfg = Debug|Any CPU
		{730798F8-638D-4CD3-9547-49BC75AA9F35}.Debug|Any CPU.Build.0 = Debug|Any CPU
		{730798F8-638D-4CD3-9547-49BC75AA9F35}.Release|Any CPU.ActiveCfg = Release|Any CPU
		{730798F8-638D-4CD3-9547-49BC75AA9F35}.Release|Any CPU.Build.0 = Release|Any CPU
		{553FCFB4-D8D5-4390-96B7-F2AAA5BA3729}.Debug|Any CPU.ActiveCfg = Debug|Any CPU
		{553FCFB4-D8D5-4390-96B7-F2AAA5BA3729}.Debug|Any CPU.Build.0 = Debug|Any CPU
		{553FCFB4-D8D5-4390-96B7-F2AAA5BA3729}.Release|Any CPU.ActiveCfg = Release|Any CPU
		{553FCFB4-D8D5-4390-96B7-F2AAA5BA3729}.Release|Any CPU.Build.0 = Release|Any CPU
	EndGlobalSection
	GlobalSection(SolutionProperties) = preSolution
		HideSolutionNode = FALSE
	EndGlobalSection
	GlobalSection(NestedProjects) = preSolution
		{1A5401FD-C920-4FED-BFBC-39C9CCDDDF56} = {02EA681E-C7D8-13C7-8484-4AC65E1B71E8}
		{053FE92B-AC2D-4780-93AD-85B21757E0D2} = {02EA681E-C7D8-13C7-8484-4AC65E1B71E8}
		{3951015F-8721-4179-8BEC-9854C286BDE1} = {02EA681E-C7D8-13C7-8484-4AC65E1B71E8}
		{730798F8-638D-4CD3-9547-49BC75AA9F35} = {02EA681E-C7D8-13C7-8484-4AC65E1B71E8}
		{553FCFB4-D8D5-4390-96B7-F2AAA5BA3729} = {02EA681E-C7D8-13C7-8484-4AC65E1B71E8}
	EndGlobalSection
	GlobalSection(ExtensibilityGlobals) = postSolution
		SolutionGuid = {7A90E255-1C3C-4E31-B96E-19A8641CC8CE}
	EndGlobalSection
EndGlobal
